// !$*UTF8*$!
{
	archiveVersion = 1;
	classes = {
	};
	objectVersion = 50;
	objects = {

/* Begin PBXBuildFile section */
		3C55714A243E3C86008CAE05 /* Default-568h@2x.png in Resources */ = {isa = PBXBuildFile; fileRef = 3C557149243E3C86008CAE05 /* Default-568h@2x.png */; };
		3C55716C243E429E008CAE05 /* Assets.xcassets in Resources */ = {isa = PBXBuildFile; fileRef = 3C55716B243E429E008CAE05 /* Assets.xcassets */; };
		3CA1E12A243D624A00030C41 /* AppDelegate.swift in Sources */ = {isa = PBXBuildFile; fileRef = 3CA1E129243D624A00030C41 /* AppDelegate.swift */; };
		3CA1E12C243D624A00030C41 /* SceneDelegate.swift in Sources */ = {isa = PBXBuildFile; fileRef = 3CA1E12B243D624A00030C41 /* SceneDelegate.swift */; };
		3CA1E131243D624A00030C41 /* Main.storyboard in Resources */ = {isa = PBXBuildFile; fileRef = 3CA1E12F243D624A00030C41 /* Main.storyboard */; };
		3CA1E133243D624B00030C41 /* Assets.xcassets in Resources */ = {isa = PBXBuildFile; fileRef = 3CA1E132243D624B00030C41 /* Assets.xcassets */; };
		3CA1E136243D624B00030C41 /* LaunchScreen.storyboard in Resources */ = {isa = PBXBuildFile; fileRef = 3CA1E134243D624B00030C41 /* LaunchScreen.storyboard */; };
		3CA1E15E243D6B8900030C41 /* colorsTableViewController.swift in Sources */ = {isa = PBXBuildFile; fileRef = 3CA1E15D243D6B8900030C41 /* colorsTableViewController.swift */; };
		3CA1E160243D6BE700030C41 /* ColorDetailViewController.swift in Sources */ = {isa = PBXBuildFile; fileRef = 3CA1E15F243D6BE700030C41 /* ColorDetailViewController.swift */; };
		3CA1E166243D6F9400030C41 /* color.swift in Sources */ = {isa = PBXBuildFile; fileRef = 3CA1E165243D6F9400030C41 /* color.swift */; };
/* End PBXBuildFile section */

/* Begin PBXFileReference section */
		3C557149243E3C86008CAE05 /* Default-568h@2x.png */ = {isa = PBXFileReference; lastKnownFileType = image.png; path = "Default-568h@2x.png"; sourceTree = "<group>"; };
		3C55716B243E429E008CAE05 /* Assets.xcassets */ = {isa = PBXFileReference; lastKnownFileType = folder.assetcatalog; name = Assets.xcassets; path = "../../../Library/Autosave Information/R2/R2/Assets.xcassets"; sourceTree = "<group>"; };
		3C55716D243E42EA008CAE05 /* Assets.xcassets */ = {isa = PBXFileReference; lastKnownFileType = folder.assetcatalog; path = Assets.xcassets; sourceTree = "<group>"; };
		3CA1E126243D624A00030C41 /* Rainbow project.app */ = {isa = PBXFileReference; explicitFileType = wrapper.application; includeInIndex = 0; path = "Rainbow project.app"; sourceTree = BUILT_PRODUCTS_DIR; };
		3CA1E129243D624A00030C41 /* AppDelegate.swift */ = {isa = PBXFileReference; lastKnownFileType = sourcecode.swift; path = AppDelegate.swift; sourceTree = "<group>"; };
		3CA1E12B243D624A00030C41 /* SceneDelegate.swift */ = {isa = PBXFileReference; lastKnownFileType = sourcecode.swift; path = SceneDelegate.swift; sourceTree = "<group>"; };
		3CA1E130243D624A00030C41 /* Base */ = {isa = PBXFileReference; lastKnownFileType = file.storyboard; name = Base; path = Base.lproj/Main.storyboard; sourceTree = "<group>"; };
		3CA1E132243D624B00030C41 /* Assets.xcassets */ = {isa = PBXFileReference; lastKnownFileType = folder.assetcatalog; path = Assets.xcassets; sourceTree = "<group>"; };
		3CA1E135243D624B00030C41 /* Base */ = {isa = PBXFileReference; lastKnownFileType = file.storyboard; name = Base; path = Base.lproj/LaunchScreen.storyboard; sourceTree = "<group>"; };
		3CA1E137243D624B00030C41 /* Info.plist */ = {isa = PBXFileReference; lastKnownFileType = text.plist.xml; path = Info.plist; sourceTree = "<group>"; };
		3CA1E15D243D6B8900030C41 /* colorsTableViewController.swift */ = {isa = PBXFileReference; lastKnownFileType = sourcecode.swift; path = colorsTableViewController.swift; sourceTree = "<group>"; };
		3CA1E15F243D6BE700030C41 /* ColorDetailViewController.swift */ = {isa = PBXFileReference; lastKnownFileType = sourcecode.swift; path = ColorDetailViewController.swift; sourceTree = "<group>"; };
		3CA1E165243D6F9400030C41 /* color.swift */ = {isa = PBXFileReference; lastKnownFileType = sourcecode.swift; path = color.swift; sourceTree = "<group>"; };
/* End PBXFileReference section */

/* Begin PBXFrameworksBuildPhase section */
		3CA1E123243D624A00030C41 /* Frameworks */ = {
			isa = PBXFrameworksBuildPhase;
			buildActionMask = 2147483647;
			files = (
			);
			runOnlyForDeploymentPostprocessing = 0;
		};
/* End PBXFrameworksBuildPhase section */

/* Begin PBXGroup section */
		3CA1E11D243D624A00030C41 = {
			isa = PBXGroup;
			children = (
				3C557149243E3C86008CAE05 /* Default-568h@2x.png */,
				3CA1E128243D624A00030C41 /* Rainbow project */,
				3CA1E127243D624A00030C41 /* Products */,
				3CA1E164243D6D3D00030C41 /* Resources */,
			);
			sourceTree = "<group>";
		};
		3CA1E127243D624A00030C41 /* Products */ = {
			isa = PBXGroup;
			children = (
				3CA1E126243D624A00030C41 /* Rainbow project.app */,
			);
			name = Products;
			sourceTree = "<group>";
		};
		3CA1E128243D624A00030C41 /* Rainbow project */ = {
			isa = PBXGroup;
			children = (
				3C55716D243E42EA008CAE05 /* Assets.xcassets */,
				3CA1E163243D6D0400030C41 /* View Controllers */,
				3CA1E162243D6CF700030C41 /* Model */,
				3CA1E161243D6CE600030C41 /* Views */,
				3CA1E137243D624B00030C41 /* Info.plist */,
			);
			path = "Rainbow project";
			sourceTree = "<group>";
		};
		3CA1E161243D6CE600030C41 /* Views */ = {
			isa = PBXGroup;
			children = (
				3CA1E12F243D624A00030C41 /* Main.storyboard */,
			);
			path = Views;
			sourceTree = "<group>";
		};
		3CA1E162243D6CF700030C41 /* Model */ = {
			isa = PBXGroup;
			children = (
				3CA1E165243D6F9400030C41 /* color.swift */,
			);
			path = Model;
			sourceTree = "<group>";
		};
		3CA1E163243D6D0400030C41 /* View Controllers */ = {
			isa = PBXGroup;
			children = (
				3CA1E15D243D6B8900030C41 /* colorsTableViewController.swift */,
				3CA1E15F243D6BE700030C41 /* ColorDetailViewController.swift */,
			);
			path = "View Controllers";
			sourceTree = "<group>";
		};
		3CA1E164243D6D3D00030C41 /* Resources */ = {
			isa = PBXGroup;
			children = (
				3C55716B243E429E008CAE05 /* Assets.xcassets */,
				3CA1E129243D624A00030C41 /* AppDelegate.swift */,
				3CA1E12B243D624A00030C41 /* SceneDelegate.swift */,
				3CA1E132243D624B00030C41 /* Assets.xcassets */,
				3CA1E134243D624B00030C41 /* LaunchScreen.storyboard */,
			);
			path = Resources;
			sourceTree = "<group>";
		};
/* End PBXGroup section */

/* Begin PBXNativeTarget section */
		3CA1E125243D624A00030C41 /* Rainbow project */ = {
			isa = PBXNativeTarget;
			buildConfigurationList = 3CA1E13A243D624B00030C41 /* Build configuration list for PBXNativeTarget "Rainbow project" */;
			buildPhases = (
				3CA1E122243D624A00030C41 /* Sources */,
				3CA1E123243D624A00030C41 /* Frameworks */,
				3CA1E124243D624A00030C41 /* Resources */,
			);
			buildRules = (
			);
			dependencies = (
			);
			name = "Rainbow project";
			productName = "Rainbow project";
			productReference = 3CA1E126243D624A00030C41 /* Rainbow project.app */;
			productType = "com.apple.product-type.application";
		};
/* End PBXNativeTarget section */

/* Begin PBXProject section */
		3CA1E11E243D624A00030C41 /* Project object */ = {
			isa = PBXProject;
			attributes = {
				LastSwiftUpdateCheck = 1120;
				LastUpgradeCheck = 1120;
				ORGANIZATIONNAME = "Ian French";
				TargetAttributes = {
					3CA1E125243D624A00030C41 = {
						CreatedOnToolsVersion = 11.2;
					};
				};
			};
			buildConfigurationList = 3CA1E121243D624A00030C41 /* Build configuration list for PBXProject "Rainbow project" */;
			compatibilityVersion = "Xcode 9.3";
			developmentRegion = en;
			hasScannedForEncodings = 0;
			knownRegions = (
				en,
				Base,
			);
			mainGroup = 3CA1E11D243D624A00030C41;
			productRefGroup = 3CA1E127243D624A00030C41 /* Products */;
			projectDirPath = "";
			projectRoot = "";
			targets = (
				3CA1E125243D624A00030C41 /* Rainbow project */,
			);
		};
/* End PBXProject section */

/* Begin PBXResourcesBuildPhase section */
		3CA1E124243D624A00030C41 /* Resources */ = {
			isa = PBXResourcesBuildPhase;
			buildActionMask = 2147483647;
			files = (
				3CA1E136243D624B00030C41 /* LaunchScreen.storyboard in Resources */,
				3C55714A243E3C86008CAE05 /* Default-568h@2x.png in Resources */,
				3CA1E133243D624B00030C41 /* Assets.xcassets in Resources */,
				3CA1E131243D624A00030C41 /* Main.storyboard in Resources */,
				3C55716C243E429E008CAE05 /* Assets.xcassets in Resources */,
			);
			runOnlyForDeploymentPostprocessing = 0;
		};
/* End PBXResourcesBuildPhase section */

/* Begin PBXSourcesBuildPhase section */
		3CA1E122243D624A00030C41 /* Sources */ = {
			isa = PBXSourcesBuildPhase;
			buildActionMask = 2147483647;
			files = (
				3CA1E12A243D624A00030C41 /* AppDelegate.swift in Sources */,
				3CA1E12C243D624A00030C41 /* SceneDelegate.swift in Sources */,
				3CA1E15E243D6B8900030C41 /* colorsTableViewController.swift in Sources */,
				3CA1E166243D6F9400030C41 /* color.swift in Sources */,
				3CA1E160243D6BE700030C41 /* ColorDetailViewController.swift in Sources */,
			);
			runOnlyForDeploymentPostprocessing = 0;
		};
/* End PBXSourcesBuildPhase section */

/* Begin PBXVariantGroup section */
		3CA1E12F243D624A00030C41 /* Main.storyboard */ = {
			isa = PBXVariantGroup;
			children = (
				3CA1E130243D624A00030C41 /* Base */,
			);
			name = Main.storyboard;
			sourceTree = "<group>";
		};
		3CA1E134243D624B00030C41 /* LaunchScreen.storyboard */ = {
			isa = PBXVariantGroup;
			children = (
				3CA1E135243D624B00030C41 /* Base */,
			);
			name = LaunchScreen.storyboard;
			sourceTree = "<group>";
		};
/* End PBXVariantGroup section */

/* Begin XCBuildConfiguration section */
		3CA1E138243D624B00030C41 /* Debug */ = {
			isa = XCBuildConfiguration;
			buildSettings = {
				ALWAYS_SEARCH_USER_PATHS = NO;
				CLANG_ANALYZER_NONNULL = YES;
				CLANG_ANALYZER_NUMBER_OBJECT_CONVERSION = YES_AGGRESSIVE;
				CLANG_CXX_LANGUAGE_STANDARD = "gnu++14";
				CLANG_CXX_LIBRARY = "libc++";
				CLANG_ENABLE_MODULES = YES;
				CLANG_ENABLE_OBJC_ARC = YES;
				CLANG_ENABLE_OBJC_WEAK = YES;
				CLANG_WARN_BLOCK_CAPTURE_AUTORELEASING = YES;
				CLANG_WARN_BOOL_CONVERSION = YES;
				CLANG_WARN_COMMA = YES;
				CLANG_WARN_CONSTANT_CONVERSION = YES;
				CLANG_WARN_DEPRECATED_OBJC_IMPLEMENTATIONS = YES;
				CLANG_WARN_DIRECT_OBJC_ISA_USAGE = YES_ERROR;
				CLANG_WARN_DOCUMENTATION_COMMENTS = YES;
				CLANG_WARN_EMPTY_BODY = YES;
				CLANG_WARN_ENUM_CONVERSION = YES;
				CLANG_WARN_INFINITE_RECURSION = YES;
				CLANG_WARN_INT_CONVERSION = YES;
				CLANG_WARN_NON_LITERAL_NULL_CONVERSION = YES;
				CLANG_WARN_OBJC_IMPLICIT_RETAIN_SELF = YES;
				CLANG_WARN_OBJC_LITERAL_CONVERSION = YES;
				CLANG_WARN_OBJC_ROOT_CLASS = YES_ERROR;
				CLANG_WARN_RANGE_LOOP_ANALYSIS = YES;
				CLANG_WARN_STRICT_PROTOTYPES = YES;
				CLANG_WARN_SUSPICIOUS_MOVE = YES;
				CLANG_WARN_UNGUARDED_AVAILABILITY = YES_AGGRESSIVE;
				CLANG_WARN_UNREACHABLE_CODE = YES;
				CLANG_WARN__DUPLICATE_METHOD_MATCH = YES;
				COPY_PHASE_STRIP = NO;
				DEBUG_INFORMATION_FORMAT = dwarf;
				ENABLE_STRICT_OBJC_MSGSEND = YES;
				ENABLE_TESTABILITY = YES;
				GCC_C_LANGUAGE_STANDARD = gnu11;
				GCC_DYNAMIC_NO_PIC = NO;
				GCC_NO_COMMON_BLOCKS = YES;
				GCC_OPTIMIZATION_LEVEL = 0;
				GCC_PREPROCESSOR_DEFINITIONS = (
					"DEBUG=1",
					"$(inherited)",
				);
				GCC_WARN_64_TO_32_BIT_CONVERSION = YES;
				GCC_WARN_ABOUT_RETURN_TYPE = YES_ERROR;
				GCC_WARN_UNDECLARED_SELECTOR = YES;
				GCC_WARN_UNINITIALIZED_AUTOS = YES_AGGRESSIVE;
				GCC_WARN_UNUSED_FUNCTION = YES;
				GCC_WARN_UNUSED_VARIABLE = YES;
				IPHONEOS_DEPLOYMENT_TARGET = 13.2;
				MTL_ENABLE_DEBUG_INFO = INCLUDE_SOURCE;
				MTL_FAST_MATH = YES;
				ONLY_ACTIVE_ARCH = YES;
				SDKROOT = iphoneos;
				SWIFT_ACTIVE_COMPILATION_CONDITIONS = DEBUG;
				SWIFT_OPTIMIZATION_LEVEL = "-Onone";
			};
			name = Debug;
		};
		3CA1E139243D624B00030C41 /* Release */ = {
			isa = XCBuildConfiguration;
			buildSettings = {
				ALWAYS_SEARCH_USER_PATHS = NO;
				CLANG_ANALYZER_NONNULL = YES;
				CLANG_ANALYZER_NUMBER_OBJECT_CONVERSION = YES_AGGRESSIVE;
				CLANG_CXX_LANGUAGE_STANDARD = "gnu++14";
				CLANG_CXX_LIBRARY = "libc++";
				CLANG_ENABLE_MODULES = YES;
				CLANG_ENABLE_OBJC_ARC = YES;
				CLANG_ENABLE_OBJC_WEAK = YES;
				CLANG_WARN_BLOCK_CAPTURE_AUTORELEASING = YES;
				CLANG_WARN_BOOL_CONVERSION = YES;
				CLANG_WARN_COMMA = YES;
				CLANG_WARN_CONSTANT_CONVERSION = YES;
				CLANG_WARN_DEPRECATED_OBJC_IMPLEMENTATIONS = YES;
				CLANG_WARN_DIRECT_OBJC_ISA_USAGE = YES_ERROR;
				CLANG_WARN_DOCUMENTATION_COMMENTS = YES;
				CLANG_WARN_EMPTY_BODY = YES;
				CLANG_WARN_ENUM_CONVERSION = YES;
				CLANG_WARN_INFINITE_RECURSION = YES;
				CLANG_WARN_INT_CONVERSION = YES;
				CLANG_WARN_NON_LITERAL_NULL_CONVERSION = YES;
				CLANG_WARN_OBJC_IMPLICIT_RETAIN_SELF = YES;
				CLANG_WARN_OBJC_LITERAL_CONVERSION = YES;
				CLANG_WARN_OBJC_ROOT_CLASS = YES_ERROR;
				CLANG_WARN_RANGE_LOOP_ANALYSIS = YES;
				CLANG_WARN_STRICT_PROTOTYPES = YES;
				CLANG_WARN_SUSPICIOUS_MOVE = YES;
				CLANG_WARN_UNGUARDED_AVAILABILITY = YES_AGGRESSIVE;
				CLANG_WARN_UNREACHABLE_CODE = YES;
				CLANG_WARN__DUPLICATE_METHOD_MATCH = YES;
				COPY_PHASE_STRIP = NO;
				DEBUG_INFORMATION_FORMAT = "dwarf-with-dsym";
				ENABLE_NS_ASSERTIONS = NO;
				ENABLE_STRICT_OBJC_MSGSEND = YES;
				GCC_C_LANGUAGE_STANDARD = gnu11;
				GCC_NO_COMMON_BLOCKS = YES;
				GCC_WARN_64_TO_32_BIT_CONVERSION = YES;
				GCC_WARN_ABOUT_RETURN_TYPE = YES_ERROR;
				GCC_WARN_UNDECLARED_SELECTOR = YES;
				GCC_WARN_UNINITIALIZED_AUTOS = YES_AGGRESSIVE;
				GCC_WARN_UNUSED_FUNCTION = YES;
				GCC_WARN_UNUSED_VARIABLE = YES;
				IPHONEOS_DEPLOYMENT_TARGET = 13.2;
				MTL_ENABLE_DEBUG_INFO = NO;
				MTL_FAST_MATH = YES;
				SDKROOT = iphoneos;
				SWIFT_COMPILATION_MODE = wholemodule;
				SWIFT_OPTIMIZATION_LEVEL = "-O";
				VALIDATE_PRODUCT = YES;
			};
			name = Release;
		};
		3CA1E13B243D624B00030C41 /* Debug */ = {
			isa = XCBuildConfiguration;
			buildSettings = {
				ASSETCATALOG_COMPILER_APPICON_NAME = AppIcon;
				CODE_SIGN_STYLE = Automatic;
				INFOPLIST_FILE = "Rainbow project/Info.plist";
				LD_RUNPATH_SEARCH_PATHS = (
					"$(inherited)",
					"@executable_path/Frameworks",
				);
				PRODUCT_BUNDLE_IDENTIFIER = "Cygnus-Enterprises.Rainbow-project";
				PRODUCT_NAME = "$(TARGET_NAME)";
				SWIFT_VERSION = 5.0;
				TARGETED_DEVICE_FAMILY = "1,2";
			};
			name = Debug;
		};
		3CA1E13C243D624B00030C41 /* Release */ = {
			isa = XCBuildConfiguration;
			buildSettings = {
				ASSETCATALOG_COMPILER_APPICON_NAME = AppIcon;
				CODE_SIGN_STYLE = Automatic;
				INFOPLIST_FILE = "Rainbow project/Info.plist";
				LD_RUNPATH_SEARCH_PATHS = (
					"$(inherited)",
					"@executable_path/Frameworks",
				);
				PRODUCT_BUNDLE_IDENTIFIER = "Cygnus-Enterprises.Rainbow-project";
				PRODUCT_NAME = "$(TARGET_NAME)";
				SWIFT_VERSION = 5.0;
				TARGETED_DEVICE_FAMILY = "1,2";
			};
			name = Release;
		};
/* End XCBuildConfiguration section */

/* Begin XCConfigurationList section */
		3CA1E121243D624A00030C41 /* Build configuration list for PBXProject "Rainbow project" */ = {
			isa = XCConfigurationList;
			buildConfigurations = (
				3CA1E138243D624B00030C41 /* Debug */,
				3CA1E139243D624B00030C41 /* Release */,
			);
			defaultConfigurationIsVisible = 0;
			defaultConfigurationName = Release;
		};
		3CA1E13A243D624B00030C41 /* Build configuration list for PBXNativeTarget "Rainbow project" */ = {
			isa = XCConfigurationList;
			buildConfigurations = (
				3CA1E13B243D624B00030C41 /* Debug */,
				3CA1E13C243D624B00030C41 /* Release */,
			);
			defaultConfigurationIsVisible = 0;
			defaultConfigurationName = Release;
		};
/* End XCConfigurationList section */
	};
	rootObject = 3CA1E11E243D624A00030C41 /* Project object */;
}
